
Microsoft Visual Studio Solution File, Format Version 12.00
# Visual Studio Version 17
VisualStudioVersion = 17.7.34202.233
MinimumVisualStudioVersion = 10.0.40219.1
Project("{9A19103F-16F7-4668-BE54-9A1E7A4F7556}") = "BGNet.TestAssignment.Api", "BG.TestAssignment.AuthApi\BGNet.TestAssignment.Api.csproj", "{6038AD4A-B49A-44C7-859C-A912CF5D13FC}"
EndProject
Project("{54A90642-561A-4BB1-A94E-469ADEE60C69}") = "BGNet.TestAssignment.Ui", "BG.TestAssignment.Ui\BGNet.TestAssignment.Ui.esproj", "{02247325-F2BF-4F52-8B4F-B068FF2615E5}"
EndProject
Project("{9A19103F-16F7-4668-BE54-9A1E7A4F7556}") = "BGNet.TestAssignment.Models", "BG.TestAssignment.Models\BGNet.TestAssignment.Models.csproj", "{F8436739-86E7-414B-BDEE-967CA6B536FF}"
EndProject
Project("{9A19103F-16F7-4668-BE54-9A1E7A4F7556}") = "BGNet.TestAssignment.BooksAuthors", "BG.TestAssignment.BooksAuthors\BGNet.TestAssignment.BooksAuthors.csproj", "{49D220A9-C8AC-435F-996E-DBA4D3777EA1}"
EndProject
Project("{9A19103F-16F7-4668-BE54-9A1E7A4F7556}") = "BGNet.TestAssignment.Business", "BG.TestAssignment.Business\BGNet.TestAssignment.Business.csproj", "{0A420236-E2C9-4FD7-B2F6-254177DD54AC}"
EndProject
Project("{9A19103F-16F7-4668-BE54-9A1E7A4F7556}") = "BGNet.TestAssignment.Migrator", "BG.TestAssignment.Migrator\BGNet.TestAssignment.Migrator.csproj", "{54A0ABB4-FD55-430F-AC88-C55A1A442615}"
EndProject
Project("{9A19103F-16F7-4668-BE54-9A1E7A4F7556}") = "BGNet.TestAssignment.DataAccess", "BG.TestAssignment.DataAccessLayer\BGNet.TestAssignment.DataAccess.csproj", "{CB0D2F82-4B37-48A5-848B-D54205E51680}"
EndProject
Project("{9A19103F-16F7-4668-BE54-9A1E7A4F7556}") = "BGNet.TestAssignment.Common", "BGNet.TestAssignment.Common\BGNet.TestAssignment.Common.csproj", "{F5E7C17D-C6E1-48C3-B6C7-2FD777B5D96B}"
EndProject
Global
	GlobalSection(SolutionConfigurationPlatforms) = preSolution
		Debug|Any CPU = Debug|Any CPU
		Release|Any CPU = Release|Any CPU
	EndGlobalSection
	GlobalSection(ProjectConfigurationPlatforms) = postSolution
		{6038AD4A-B49A-44C7-859C-A912CF5D13FC}.Debug|Any CPU.ActiveCfg = Debug|Any CPU
		{6038AD4A-B49A-44C7-859C-A912CF5D13FC}.Debug|Any CPU.Build.0 = Debug|Any CPU
		{6038AD4A-B49A-44C7-859C-A912CF5D13FC}.Release|Any CPU.ActiveCfg = Release|Any CPU
		{6038AD4A-B49A-44C7-859C-A912CF5D13FC}.Release|Any CPU.Build.0 = Release|Any CPU
		{02247325-F2BF-4F52-8B4F-B068FF2615E5}.Debug|Any CPU.ActiveCfg = Debug|Any CPU
		{02247325-F2BF-4F52-8B4F-B068FF2615E5}.Debug|Any CPU.Build.0 = Debug|Any CPU
		{02247325-F2BF-4F52-8B4F-B068FF2615E5}.Debug|Any CPU.Deploy.0 = Debug|Any CPU
		{02247325-F2BF-4F52-8B4F-B068FF2615E5}.Release|Any CPU.ActiveCfg = Release|Any CPU
		{02247325-F2BF-4F52-8B4F-B068FF2615E5}.Release|Any CPU.Build.0 = Release|Any CPU
		{02247325-F2BF-4F52-8B4F-B068FF2615E5}.Release|Any CPU.Deploy.0 = Release|Any CPU
		{F8436739-86E7-414B-BDEE-967CA6B536FF}.Debug|Any CPU.ActiveCfg = Debug|Any CPU
		{F8436739-86E7-414B-BDEE-967CA6B536FF}.Debug|Any CPU.Build.0 = Debug|Any CPU
		{F8436739-86E7-414B-BDEE-967CA6B536FF}.Release|Any CPU.ActiveCfg = Release|Any CPU
		{F8436739-86E7-414B-BDEE-967CA6B536FF}.Release|Any CPU.Build.0 = Release|Any CPU
		{49D220A9-C8AC-435F-996E-DBA4D3777EA1}.Debug|Any CPU.ActiveCfg = Debug|Any CPU
		{49D220A9-C8AC-435F-996E-DBA4D3777EA1}.Debug|Any CPU.Build.0 = Debug|Any CPU
		{49D220A9-C8AC-435F-996E-DBA4D3777EA1}.Release|Any CPU.ActiveCfg = Release|Any CPU
		{49D220A9-C8AC-435F-996E-DBA4D3777EA1}.Release|Any CPU.Build.0 = Release|Any CPU
		{0A420236-E2C9-4FD7-B2F6-254177DD54AC}.Debug|Any CPU.ActiveCfg = Debug|Any CPU
		{0A420236-E2C9-4FD7-B2F6-254177DD54AC}.Debug|Any CPU.Build.0 = Debug|Any CPU
		{0A420236-E2C9-4FD7-B2F6-254177DD54AC}.Release|Any CPU.ActiveCfg = Release|Any CPU
		{0A420236-E2C9-4FD7-B2F6-254177DD54AC}.Release|Any CPU.Build.0 = Release|Any CPU
		{54A0ABB4-FD55-430F-AC88-C55A1A442615}.Debug|Any CPU.ActiveCfg = Debug|Any CPU
		{54A0ABB4-FD55-430F-AC88-C55A1A442615}.Debug|Any CPU.Build.0 = Debug|Any CPU
		{54A0ABB4-FD55-430F-AC88-C55A1A442615}.Release|Any CPU.ActiveCfg = Release|Any CPU
		{54A0ABB4-FD55-430F-AC88-C55A1A442615}.Release|Any CPU.Build.0 = Release|Any CPU
		{CB0D2F82-4B37-48A5-848B-D54205E51680}.Debug|Any CPU.ActiveCfg = Debug|Any CPU
		{CB0D2F82-4B37-48A5-848B-D54205E51680}.Debug|Any CPU.Build.0 = Debug|Any CPU
		{CB0D2F82-4B37-48A5-848B-D54205E51680}.Release|Any CPU.ActiveCfg = Release|Any CPU
		{CB0D2F82-4B37-48A5-848B-D54205E51680}.Release|Any CPU.Build.0 = Release|Any CPU
		{F5E7C17D-C6E1-48C3-B6C7-2FD777B5D96B}.Debug|Any CPU.ActiveCfg = Debug|Any CPU
		{F5E7C17D-C6E1-48C3-B6C7-2FD777B5D96B}.Debug|Any CPU.Build.0 = Debug|Any CPU
		{F5E7C17D-C6E1-48C3-B6C7-2FD777B5D96B}.Release|Any CPU.ActiveCfg = Release|Any CPU
		{F5E7C17D-C6E1-48C3-B6C7-2FD777B5D96B}.Release|Any CPU.Build.0 = Release|Any CPU
	EndGlobalSection
	GlobalSection(SolutionProperties) = preSolution
		HideSolutionNode = FALSE
	EndGlobalSection
	GlobalSection(ExtensibilityGlobals) = postSolution
		SolutionGuid = {BE4D5CF5-EE4A-407A-86D1-F35AF6243A96}
	EndGlobalSection
EndGlobal
